
Microsoft Visual Studio Solution File, Format Version 12.00
# Visual Studio 15
VisualStudioVersion = 15.0.28010.2048
MinimumVisualStudioVersion = 10.0.40219.1
Project("{FAE04EC0-301F-11D3-BF4B-00C04F79EFBC}") = "KartSkills", "KartSkills\KartSkills.csproj", "{AB1C512C-7642-4516-B087-BB1A596F3372}"
EndProject
Global
	GlobalSection(SolutionConfigurationPlatforms) = preSolution
		Debug|Any CPU = Debug|Any CPU
		Release|Any CPU = Release|Any CPU
	EndGlobalSection
	GlobalSection(ProjectConfigurationPlatforms) = postSolution
		{AB1C512C-7642-4516-B087-BB1A596F3372}.Debug|Any CPU.ActiveCfg = Debug|Any CPU
		{AB1C512C-7642-4516-B087-BB1A596F3372}.Debug|Any CPU.Build.0 = Debug|Any CPU
		{AB1C512C-7642-4516-B087-BB1A596F3372}.Release|Any CPU.ActiveCfg = Release|Any CPU
		{AB1C512C-7642-4516-B087-BB1A596F3372}.Release|Any CPU.Build.0 = Release|Any CPU
	EndGlobalSection
	GlobalSection(SolutionProperties) = preSolution
		HideSolutionNode = FALSE
	EndGlobalSection
	GlobalSection(ExtensibilityGlobals) = postSolution
		SolutionGuid = {90BB50F5-9D6B-4047-AA5E-752EC8803EC9}
	EndGlobalSection
EndGlobal
